
Microsoft Visual Studio Solution File, Format Version 12.00
# Visual Studio Version 16
VisualStudioVersion = 16.0.30503.244
MinimumVisualStudioVersion = 10.0.40219.1
Project("{FAE04EC0-301F-11D3-BF4B-00C04F79EFBC}") = "BotTest", "BotTest\BotTest.csproj", "{0E91E5B0-69E5-4E9C-A4CA-B93A4A43348D}"
EndProject
Global
	GlobalSection(SolutionConfigurationPlatforms) = preSolution
		Debug|Any CPU = Debug|Any CPU
		Release|Any CPU = Release|Any CPU
	EndGlobalSection
	GlobalSection(ProjectConfigurationPlatforms) = postSolution
		{0E91E5B0-69E5-4E9C-A4CA-B93A4A43348D}.Debug|Any CPU.ActiveCfg = Debug|Any CPU
		{0E91E5B0-69E5-4E9C-A4CA-B93A4A43348D}.Debug|Any CPU.Build.0 = Debug|Any CPU
		{0E91E5B0-69E5-4E9C-A4CA-B93A4A43348D}.Release|Any CPU.ActiveCfg = Release|Any CPU
		{0E91E5B0-69E5-4E9C-A4CA-B93A4A43348D}.Release|Any CPU.Build.0 = Release|Any CPU
	EndGlobalSection
	GlobalSection(SolutionProperties) = preSolution
		HideSolutionNode = FALSE
	EndGlobalSection
	GlobalSection(ExtensibilityGlobals) = postSolution
		SolutionGuid = {2FD4181F-E8A2-49BD-87DD-1885CF329EC9}
	EndGlobalSection
EndGlobal
